
Microsoft Visual Studio Solution File, Format Version 12.00
# Visual Studio Version 16
VisualStudioVersion = 16.0.30413.136
MinimumVisualStudioVersion = 10.0.40219.1
Project("{FAE04EC0-301F-11D3-BF4B-00C04F79EFBC}") = "ParcialLuciaSosa", "ParcialLuciaSosa\ParcialLuciaSosa.csproj", "{C46501C2-736A-44E6-BBF2-0EF66611A2F8}"
EndProject
Project("{FAE04EC0-301F-11D3-BF4B-00C04F79EFBC}") = "unittest", "unittest\unittest.csproj", "{35280990-654F-4401-9EC8-9D19C4FFCCE5}"
EndProject
Global
	GlobalSection(SolutionConfigurationPlatforms) = preSolution
		Debug|Any CPU = Debug|Any CPU
		Release|Any CPU = Release|Any CPU
	EndGlobalSection
	GlobalSection(ProjectConfigurationPlatforms) = postSolution
		{C46501C2-736A-44E6-BBF2-0EF66611A2F8}.Debug|Any CPU.ActiveCfg = Debug|Any CPU
		{C46501C2-736A-44E6-BBF2-0EF66611A2F8}.Debug|Any CPU.Build.0 = Debug|Any CPU
		{C46501C2-736A-44E6-BBF2-0EF66611A2F8}.Release|Any CPU.ActiveCfg = Release|Any CPU
		{C46501C2-736A-44E6-BBF2-0EF66611A2F8}.Release|Any CPU.Build.0 = Release|Any CPU
		{35280990-654F-4401-9EC8-9D19C4FFCCE5}.Debug|Any CPU.ActiveCfg = Debug|Any CPU
		{35280990-654F-4401-9EC8-9D19C4FFCCE5}.Debug|Any CPU.Build.0 = Debug|Any CPU
		{35280990-654F-4401-9EC8-9D19C4FFCCE5}.Release|Any CPU.ActiveCfg = Release|Any CPU
		{35280990-654F-4401-9EC8-9D19C4FFCCE5}.Release|Any CPU.Build.0 = Release|Any CPU
	EndGlobalSection
	GlobalSection(SolutionProperties) = preSolution
		HideSolutionNode = FALSE
	EndGlobalSection
	GlobalSection(ExtensibilityGlobals) = postSolution
		SolutionGuid = {90EBA94B-8E21-4ECD-B5EB-3220BD5C0EC3}
	EndGlobalSection
EndGlobal
